
Microsoft Visual Studio Solution File, Format Version 12.00
# Visual Studio Version 17
VisualStudioVersion = 17.0.31919.166
MinimumVisualStudioVersion = 10.0.40219.1
Project("{9A19103F-16F7-4668-BE54-9A1E7A4F7556}") = "WebStore", "WebStore\WebStore.csproj", "{D8E0DA9C-610F-43E8-BE59-113A6B452EC7}"
EndProject
Project("{2150E333-8FDC-42A3-9474-1A3956D46DE8}") = "Tests", "Tests", "{8E8E892F-A06A-4F55-B69C-EA95C497B353}"
EndProject
Project("{9A19103F-16F7-4668-BE54-9A1E7A4F7556}") = "TestConsole", "TestConsole\TestConsole.csproj", "{FFAA0AA0-533C-4E08-A50D-912B875F7162}"
EndProject
Project("{FAE04EC0-301F-11D3-BF4B-00C04F79EFBC}") = "WebStore.Domain", "WebStore.Domain\WebStore.Domain.csproj", "{EA747F34-CB84-48F4-ADA9-3FD7B2D9C56C}"
EndProject
Global
	GlobalSection(SolutionConfigurationPlatforms) = preSolution
		Debug|Any CPU = Debug|Any CPU
		Release|Any CPU = Release|Any CPU
	EndGlobalSection
	GlobalSection(ProjectConfigurationPlatforms) = postSolution
		{D8E0DA9C-610F-43E8-BE59-113A6B452EC7}.Debug|Any CPU.ActiveCfg = Debug|Any CPU
		{D8E0DA9C-610F-43E8-BE59-113A6B452EC7}.Debug|Any CPU.Build.0 = Debug|Any CPU
		{D8E0DA9C-610F-43E8-BE59-113A6B452EC7}.Release|Any CPU.ActiveCfg = Release|Any CPU
		{D8E0DA9C-610F-43E8-BE59-113A6B452EC7}.Release|Any CPU.Build.0 = Release|Any CPU
		{FFAA0AA0-533C-4E08-A50D-912B875F7162}.Debug|Any CPU.ActiveCfg = Debug|Any CPU
		{FFAA0AA0-533C-4E08-A50D-912B875F7162}.Debug|Any CPU.Build.0 = Debug|Any CPU
		{FFAA0AA0-533C-4E08-A50D-912B875F7162}.Release|Any CPU.ActiveCfg = Release|Any CPU
		{FFAA0AA0-533C-4E08-A50D-912B875F7162}.Release|Any CPU.Build.0 = Release|Any CPU
		{EA747F34-CB84-48F4-ADA9-3FD7B2D9C56C}.Debug|Any CPU.ActiveCfg = Debug|Any CPU
		{EA747F34-CB84-48F4-ADA9-3FD7B2D9C56C}.Debug|Any CPU.Build.0 = Debug|Any CPU
		{EA747F34-CB84-48F4-ADA9-3FD7B2D9C56C}.Release|Any CPU.ActiveCfg = Release|Any CPU
		{EA747F34-CB84-48F4-ADA9-3FD7B2D9C56C}.Release|Any CPU.Build.0 = Release|Any CPU
	EndGlobalSection
	GlobalSection(SolutionProperties) = preSolution
		HideSolutionNode = FALSE
	EndGlobalSection
	GlobalSection(NestedProjects) = preSolution
		{FFAA0AA0-533C-4E08-A50D-912B875F7162} = {8E8E892F-A06A-4F55-B69C-EA95C497B353}
	EndGlobalSection
	GlobalSection(ExtensibilityGlobals) = postSolution
		SolutionGuid = {2BD6A070-3E86-46B9-B4FA-2DDCBCA6A4C0}
	EndGlobalSection
EndGlobal
